
Microsoft Visual Studio Solution File, Format Version 12.00
# Visual Studio Version 16
VisualStudioVersion = 16.0.30413.136
MinimumVisualStudioVersion = 10.0.40219.1
Project("{9A19103F-16F7-4668-BE54-9A1E7A4F7556}") = "Crud .NetCore3.1", "WebApplication3\Crud .NetCore3.1.csproj", "{30471D18-F8F2-4F03-9B5C-7103F0B55099}"
EndProject
Global
	GlobalSection(SolutionConfigurationPlatforms) = preSolution
		Debug|Any CPU = Debug|Any CPU
		Release|Any CPU = Release|Any CPU
	EndGlobalSection
	GlobalSection(ProjectConfigurationPlatforms) = postSolution
		{30471D18-F8F2-4F03-9B5C-7103F0B55099}.Debug|Any CPU.ActiveCfg = Debug|Any CPU
		{30471D18-F8F2-4F03-9B5C-7103F0B55099}.Debug|Any CPU.Build.0 = Debug|Any CPU
		{30471D18-F8F2-4F03-9B5C-7103F0B55099}.Release|Any CPU.ActiveCfg = Release|Any CPU
		{30471D18-F8F2-4F03-9B5C-7103F0B55099}.Release|Any CPU.Build.0 = Release|Any CPU
	EndGlobalSection
	GlobalSection(SolutionProperties) = preSolution
		HideSolutionNode = FALSE
	EndGlobalSection
	GlobalSection(ExtensibilityGlobals) = postSolution
		SolutionGuid = {EBF804BE-99F9-404D-B025-7CEDE9ED7D1E}
	EndGlobalSection
EndGlobal
